
Microsoft Visual Studio Solution File, Format Version 12.00
# Visual Studio Version 17
VisualStudioVersion = 17.6.33723.286
MinimumVisualStudioVersion = 10.0.40219.1
Project("{FAE04EC0-301F-11D3-BF4B-00C04F79EFBC}") = "FileCount", "FileCount\FileCount.csproj", "{08F5DC54-415E-4481-9174-C58100A1E81A}"
EndProject
Global
	GlobalSection(SolutionConfigurationPlatforms) = preSolution
		Debug|Any CPU = Debug|Any CPU
		Release|Any CPU = Release|Any CPU
	EndGlobalSection
	GlobalSection(ProjectConfigurationPlatforms) = postSolution
		{08F5DC54-415E-4481-9174-C58100A1E81A}.Debug|Any CPU.ActiveCfg = Debug|Any CPU
		{08F5DC54-415E-4481-9174-C58100A1E81A}.Debug|Any CPU.Build.0 = Debug|Any CPU
		{08F5DC54-415E-4481-9174-C58100A1E81A}.Release|Any CPU.ActiveCfg = Release|Any CPU
		{08F5DC54-415E-4481-9174-C58100A1E81A}.Release|Any CPU.Build.0 = Release|Any CPU
	EndGlobalSection
	GlobalSection(SolutionProperties) = preSolution
		HideSolutionNode = FALSE
	EndGlobalSection
	GlobalSection(ExtensibilityGlobals) = postSolution
		SolutionGuid = {0CF3DE05-39FC-4E8F-B4F7-86ADEF3B358E}
	EndGlobalSection
EndGlobal
